// !$*UTF8*$!
{
	archiveVersion = 1;
	classes = {
	};
	objectVersion = 46;
	objects = {

/* Begin PBXBuildFile section */
		DB01C1421EE3D78F007D7308 /* SwiftDeviceCss.swift in Sources */ = {isa = PBXBuildFile; fileRef = DB01C1411EE3D78F007D7308 /* SwiftDeviceCss.swift */; };
		DB01C1491EE3DF73007D7308 /* iPhone6P.css in Resources */ = {isa = PBXBuildFile; fileRef = DB01C1431EE3DF73007D7308 /* iPhone6P.css */; };
		DB01C14A1EE3DF73007D7308 /* iPad.css in Resources */ = {isa = PBXBuildFile; fileRef = DB01C1441EE3DF73007D7308 /* iPad.css */; };
		DB01C14B1EE3DF73007D7308 /* iPhone4.css in Resources */ = {isa = PBXBuildFile; fileRef = DB01C1451EE3DF73007D7308 /* iPhone4.css */; };
		DB01C14C1EE3DF73007D7308 /* iPhone5.css in Resources */ = {isa = PBXBuildFile; fileRef = DB01C1461EE3DF73007D7308 /* iPhone5.css */; };
		DB01C14D1EE3DF73007D7308 /* iPadPro.css in Resources */ = {isa = PBXBuildFile; fileRef = DB01C1471EE3DF73007D7308 /* iPadPro.css */; };
		DB01C14E1EE3DF73007D7308 /* iPhone6.css in Resources */ = {isa = PBXBuildFile; fileRef = DB01C1481EE3DF73007D7308 /* iPhone6.css */; };
		DBC3DF8F1EDD4BF000E527FC /* AppDelegate.swift in Sources */ = {isa = PBXBuildFile; fileRef = DBC3DF8E1EDD4BF000E527FC /* AppDelegate.swift */; };
		DBC3DF911EDD4BF000E527FC /* ViewController.swift in Sources */ = {isa = PBXBuildFile; fileRef = DBC3DF901EDD4BF000E527FC /* ViewController.swift */; };
		DBC3DF941EDD4BF000E527FC /* Main.storyboard in Resources */ = {isa = PBXBuildFile; fileRef = DBC3DF921EDD4BF000E527FC /* Main.storyboard */; };
		DBC3DF961EDD4BF000E527FC /* Assets.xcassets in Resources */ = {isa = PBXBuildFile; fileRef = DBC3DF951EDD4BF000E527FC /* Assets.xcassets */; };
		DBC3DF991EDD4BF000E527FC /* LaunchScreen.storyboard in Resources */ = {isa = PBXBuildFile; fileRef = DBC3DF971EDD4BF000E527FC /* LaunchScreen.storyboard */; };
		DBC3DFA31EDD4C4900E527FC /* CssLexer.swift in Sources */ = {isa = PBXBuildFile; fileRef = DBC3DFA21EDD4C4900E527FC /* CssLexer.swift */; };
		DBC3DFA61EE2D53000E527FC /* CssParser.swift in Sources */ = {isa = PBXBuildFile; fileRef = DBC3DFA51EE2D53000E527FC /* CssParser.swift */; };
		DBC3DFA81EE2D8B100E527FC /* SwiftCSS.swift in Sources */ = {isa = PBXBuildFile; fileRef = DBC3DFA71EE2D8B100E527FC /* SwiftCSS.swift */; };
		DBC3DFAB1EE2D94800E527FC /* UIColorExtension.swift in Sources */ = {isa = PBXBuildFile; fileRef = DBC3DFAA1EE2D94800E527FC /* UIColorExtension.swift */; };
		DBC3DFB31EE2D9D000E527FC /* SwiftCssParserTests.swift in Sources */ = {isa = PBXBuildFile; fileRef = DBC3DFB21EE2D9D000E527FC /* SwiftCssParserTests.swift */; };
		DBC3DFBB1EE2DA4500E527FC /* test.css in Resources */ = {isa = PBXBuildFile; fileRef = DBC3DFBA1EE2DA4500E527FC /* test.css */; };
		DBC3DFBE1EE2E1FC00E527FC /* SwiftCssTheme.swift in Sources */ = {isa = PBXBuildFile; fileRef = DBC3DFBD1EE2E1FC00E527FC /* SwiftCssTheme.swift */; };
		DBC3DFC01EE2E2D600E527FC /* day.css in Resources */ = {isa = PBXBuildFile; fileRef = DBC3DFBF1EE2E2D600E527FC /* day.css */; };
		DBC3DFC31EE2E2F200E527FC /* night.css in Resources */ = {isa = PBXBuildFile; fileRef = DBC3DFC21EE2E2F200E527FC /* night.css */; };
/* End PBXBuildFile section */

/* Begin PBXContainerItemProxy section */
		DBC3DFB51EE2D9D000E527FC /* PBXContainerItemProxy */ = {
			isa = PBXContainerItemProxy;
			containerPortal = DBC3DF831EDD4BF000E527FC /* Project object */;
			proxyType = 1;
			remoteGlobalIDString = DBC3DF8A1EDD4BF000E527FC;
			remoteInfo = SwiftCssParser;
		};
/* End PBXContainerItemProxy section */

/* Begin PBXFileReference section */
		DB01C1411EE3D78F007D7308 /* SwiftDeviceCss.swift */ = {isa = PBXFileReference; fileEncoding = 4; lastKnownFileType = sourcecode.swift; path = SwiftDeviceCss.swift; sourceTree = "<group>"; };
		DB01C1431EE3DF73007D7308 /* iPhone6P.css */ = {isa = PBXFileReference; fileEncoding = 4; lastKnownFileType = text.css; path = iPhone6P.css; sourceTree = "<group>"; };
		DB01C1441EE3DF73007D7308 /* iPad.css */ = {isa = PBXFileReference; fileEncoding = 4; lastKnownFileType = text.css; path = iPad.css; sourceTree = "<group>"; };
		DB01C1451EE3DF73007D7308 /* iPhone4.css */ = {isa = PBXFileReference; fileEncoding = 4; lastKnownFileType = text.css; path = iPhone4.css; sourceTree = "<group>"; };
		DB01C1461EE3DF73007D7308 /* iPhone5.css */ = {isa = PBXFileReference; fileEncoding = 4; lastKnownFileType = text.css; path = iPhone5.css; sourceTree = "<group>"; };
		DB01C1471EE3DF73007D7308 /* iPadPro.css */ = {isa = PBXFileReference; fileEncoding = 4; lastKnownFileType = text.css; path = iPadPro.css; sourceTree = "<group>"; };
		DB01C1481EE3DF73007D7308 /* iPhone6.css */ = {isa = PBXFileReference; fileEncoding = 4; lastKnownFileType = text.css; path = iPhone6.css; sourceTree = "<group>"; };
		DBC3DF8B1EDD4BF000E527FC /* SwiftCssParser.app */ = {isa = PBXFileReference; explicitFileType = wrapper.application; includeInIndex = 0; path = SwiftCssParser.app; sourceTree = BUILT_PRODUCTS_DIR; };
		DBC3DF8E1EDD4BF000E527FC /* AppDelegate.swift */ = {isa = PBXFileReference; lastKnownFileType = sourcecode.swift; name = AppDelegate.swift; path = SwiftCssParser/AppDelegate.swift; sourceTree = "<group>"; };
		DBC3DF901EDD4BF000E527FC /* ViewController.swift */ = {isa = PBXFileReference; lastKnownFileType = sourcecode.swift; name = ViewController.swift; path = SwiftCssParser/ViewController.swift; sourceTree = "<group>"; };
		DBC3DF931EDD4BF000E527FC /* Base */ = {isa = PBXFileReference; lastKnownFileType = file.storyboard; name = Base; path = Base.lproj/Main.storyboard; sourceTree = "<group>"; };
		DBC3DF951EDD4BF000E527FC /* Assets.xcassets */ = {isa = PBXFileReference; lastKnownFileType = folder.assetcatalog; name = Assets.xcassets; path = SwiftCssParser/Assets.xcassets; sourceTree = "<group>"; };
		DBC3DF981EDD4BF000E527FC /* Base */ = {isa = PBXFileReference; lastKnownFileType = file.storyboard; name = Base; path = Base.lproj/LaunchScreen.storyboard; sourceTree = "<group>"; };
		DBC3DF9A1EDD4BF000E527FC /* Info.plist */ = {isa = PBXFileReference; lastKnownFileType = text.plist.xml; name = Info.plist; path = SwiftCssParser/Info.plist; sourceTree = "<group>"; };
		DBC3DFA21EDD4C4900E527FC /* CssLexer.swift */ = {isa = PBXFileReference; fileEncoding = 4; lastKnownFileType = sourcecode.swift; path = CssLexer.swift; sourceTree = "<group>"; };
		DBC3DFA51EE2D53000E527FC /* CssParser.swift */ = {isa = PBXFileReference; fileEncoding = 4; lastKnownFileType = sourcecode.swift; path = CssParser.swift; sourceTree = "<group>"; };
		DBC3DFA71EE2D8B100E527FC /* SwiftCSS.swift */ = {isa = PBXFileReference; fileEncoding = 4; lastKnownFileType = sourcecode.swift; path = SwiftCSS.swift; sourceTree = "<group>"; };
		DBC3DFAA1EE2D94800E527FC /* UIColorExtension.swift */ = {isa = PBXFileReference; fileEncoding = 4; lastKnownFileType = sourcecode.swift; path = UIColorExtension.swift; sourceTree = "<group>"; };
		DBC3DFB01EE2D9D000E527FC /* SwiftCssParserTests.xctest */ = {isa = PBXFileReference; explicitFileType = wrapper.cfbundle; includeInIndex = 0; path = SwiftCssParserTests.xctest; sourceTree = BUILT_PRODUCTS_DIR; };
		DBC3DFB21EE2D9D000E527FC /* SwiftCssParserTests.swift */ = {isa = PBXFileReference; lastKnownFileType = sourcecode.swift; path = SwiftCssParserTests.swift; sourceTree = "<group>"; };
		DBC3DFB41EE2D9D000E527FC /* Info.plist */ = {isa = PBXFileReference; lastKnownFileType = text.plist.xml; path = Info.plist; sourceTree = "<group>"; };
		DBC3DFBA1EE2DA4500E527FC /* test.css */ = {isa = PBXFileReference; fileEncoding = 4; lastKnownFileType = text.css; path = test.css; sourceTree = "<group>"; };
		DBC3DFBD1EE2E1FC00E527FC /* SwiftCssTheme.swift */ = {isa = PBXFileReference; fileEncoding = 4; lastKnownFileType = sourcecode.swift; path = SwiftCssTheme.swift; sourceTree = "<group>"; };
		DBC3DFBF1EE2E2D600E527FC /* day.css */ = {isa = PBXFileReference; fileEncoding = 4; lastKnownFileType = text.css; path = day.css; sourceTree = "<group>"; };
		DBC3DFC21EE2E2F200E527FC /* night.css */ = {isa = PBXFileReference; fileEncoding = 4; lastKnownFileType = text.css; path = night.css; sourceTree = "<group>"; };
/* End PBXFileReference section */

/* Begin PBXFrameworksBuildPhase section */
		DBC3DF881EDD4BF000E527FC /* Frameworks */ = {
			isa = PBXFrameworksBuildPhase;
			buildActionMask = 2147483647;
			files = (
			);
			runOnlyForDeploymentPostprocessing = 0;
		};
		DBC3DFAD1EE2D9D000E527FC /* Frameworks */ = {
			isa = PBXFrameworksBuildPhase;
			buildActionMask = 2147483647;
			files = (
			);
			runOnlyForDeploymentPostprocessing = 0;
		};
/* End PBXFrameworksBuildPhase section */

/* Begin PBXGroup section */
		DB01C1401EE3D744007D7308 /* DeviceCss */ = {
			isa = PBXGroup;
			children = (
				DB01C1411EE3D78F007D7308 /* SwiftDeviceCss.swift */,
			);
			name = DeviceCss;
			sourceTree = "<group>";
		};
		DBC3DF821EDD4BF000E527FC = {
			isa = PBXGroup;
			children = (
				DBC3DFA01EDD4C0D00E527FC /* Others */,
				DBC3DF8D1EDD4BF000E527FC /* SwiftCssParser */,
				DBC3DFB11EE2D9D000E527FC /* SwiftCssParserTests */,
				DBC3DF8C1EDD4BF000E527FC /* Products */,
			);
			sourceTree = "<group>";
		};
		DBC3DF8C1EDD4BF000E527FC /* Products */ = {
			isa = PBXGroup;
			children = (
				DBC3DF8B1EDD4BF000E527FC /* SwiftCssParser.app */,
				DBC3DFB01EE2D9D000E527FC /* SwiftCssParserTests.xctest */,
			);
			name = Products;
			sourceTree = "<group>";
		};
		DBC3DF8D1EDD4BF000E527FC /* SwiftCssParser */ = {
			isa = PBXGroup;
			children = (
				DBC3DFA41EE2D50800E527FC /* Parser */,
				DBC3DFA11EDD4C3300E527FC /* Lexer */,
				DBC3DFA91EE2D92100E527FC /* Extension */,
				DBC3DFBC1EE2E1DB00E527FC /* CssTheme */,
				DB01C1401EE3D744007D7308 /* DeviceCss */,
				DBC3DFA71EE2D8B100E527FC /* SwiftCSS.swift */,
			);
			path = SwiftCssParser;
			sourceTree = "<group>";
		};
		DBC3DFA01EDD4C0D00E527FC /* Others */ = {
			isa = PBXGroup;
			children = (
				DBC3DFC11EE2E2E200E527FC /* CssFile */,
				DBC3DF8E1EDD4BF000E527FC /* AppDelegate.swift */,
				DBC3DF901EDD4BF000E527FC /* ViewController.swift */,
				DBC3DF921EDD4BF000E527FC /* Main.storyboard */,
				DBC3DF951EDD4BF000E527FC /* Assets.xcassets */,
				DBC3DF971EDD4BF000E527FC /* LaunchScreen.storyboard */,
				DBC3DF9A1EDD4BF000E527FC /* Info.plist */,
			);
			name = Others;
			sourceTree = "<group>";
		};
		DBC3DFA11EDD4C3300E527FC /* Lexer */ = {
			isa = PBXGroup;
			children = (
				DBC3DFA21EDD4C4900E527FC /* CssLexer.swift */,
			);
			name = Lexer;
			sourceTree = "<group>";
		};
		DBC3DFA41EE2D50800E527FC /* Parser */ = {
			isa = PBXGroup;
			children = (
				DBC3DFA51EE2D53000E527FC /* CssParser.swift */,
			);
			name = Parser;
			sourceTree = "<group>";
		};
		DBC3DFA91EE2D92100E527FC /* Extension */ = {
			isa = PBXGroup;
			children = (
				DBC3DFAA1EE2D94800E527FC /* UIColorExtension.swift */,
			);
			name = Extension;
			sourceTree = "<group>";
		};
		DBC3DFB11EE2D9D000E527FC /* SwiftCssParserTests */ = {
			isa = PBXGroup;
			children = (
				DBC3DFB21EE2D9D000E527FC /* SwiftCssParserTests.swift */,
				DBC3DFB41EE2D9D000E527FC /* Info.plist */,
				DBC3DFBA1EE2DA4500E527FC /* test.css */,
			);
			path = SwiftCssParserTests;
			sourceTree = "<group>";
		};
		DBC3DFBC1EE2E1DB00E527FC /* CssTheme */ = {
			isa = PBXGroup;
			children = (
				DBC3DFBD1EE2E1FC00E527FC /* SwiftCssTheme.swift */,
			);
			name = CssTheme;
			sourceTree = "<group>";
		};
		DBC3DFC11EE2E2E200E527FC /* CssFile */ = {
			isa = PBXGroup;
			children = (
				DBC3DFBF1EE2E2D600E527FC /* day.css */,
				DBC3DFC21EE2E2F200E527FC /* night.css */,
				DB01C1451EE3DF73007D7308 /* iPhone4.css */,
				DB01C1461EE3DF73007D7308 /* iPhone5.css */,
				DB01C1481EE3DF73007D7308 /* iPhone6.css */,
				DB01C1431EE3DF73007D7308 /* iPhone6P.css */,
				DB01C1441EE3DF73007D7308 /* iPad.css */,
				DB01C1471EE3DF73007D7308 /* iPadPro.css */,
			);
			name = CssFile;
			sourceTree = "<group>";
		};
/* End PBXGroup section */

/* Begin PBXNativeTarget section */
		DBC3DF8A1EDD4BF000E527FC /* SwiftCssParser */ = {
			isa = PBXNativeTarget;
			buildConfigurationList = DBC3DF9D1EDD4BF000E527FC /* Build configuration list for PBXNativeTarget "SwiftCssParser" */;
			buildPhases = (
				DBC3DF871EDD4BF000E527FC /* Sources */,
				DBC3DF881EDD4BF000E527FC /* Frameworks */,
				DBC3DF891EDD4BF000E527FC /* Resources */,
			);
			buildRules = (
			);
			dependencies = (
			);
			name = SwiftCssParser;
			productName = SwiftCssParser;
			productReference = DBC3DF8B1EDD4BF000E527FC /* SwiftCssParser.app */;
			productType = "com.apple.product-type.application";
		};
		DBC3DFAF1EE2D9D000E527FC /* SwiftCssParserTests */ = {
			isa = PBXNativeTarget;
			buildConfigurationList = DBC3DFB71EE2D9D000E527FC /* Build configuration list for PBXNativeTarget "SwiftCssParserTests" */;
			buildPhases = (
				DBC3DFAC1EE2D9D000E527FC /* Sources */,
				DBC3DFAD1EE2D9D000E527FC /* Frameworks */,
				DBC3DFAE1EE2D9D000E527FC /* Resources */,
			);
			buildRules = (
			);
			dependencies = (
				DBC3DFB61EE2D9D000E527FC /* PBXTargetDependency */,
			);
			name = SwiftCssParserTests;
			productName = SwiftCssParserTests;
			productReference = DBC3DFB01EE2D9D000E527FC /* SwiftCssParserTests.xctest */;
			productType = "com.apple.product-type.bundle.unit-test";
		};
/* End PBXNativeTarget section */

/* Begin PBXProject section */
		DBC3DF831EDD4BF000E527FC /* Project object */ = {
			isa = PBXProject;
			attributes = {
				LastSwiftUpdateCheck = 0830;
				LastUpgradeCheck = 0830;
				ORGANIZATIONNAME = Mango;
				TargetAttributes = {
					DBC3DF8A1EDD4BF000E527FC = {
						CreatedOnToolsVersion = 8.3.2;
						ProvisioningStyle = Automatic;
					};
					DBC3DFAF1EE2D9D000E527FC = {
						CreatedOnToolsVersion = 8.3.2;
						ProvisioningStyle = Automatic;
						TestTargetID = DBC3DF8A1EDD4BF000E527FC;
					};
				};
			};
			buildConfigurationList = DBC3DF861EDD4BF000E527FC /* Build configuration list for PBXProject "SwiftCssParser" */;
			compatibilityVersion = "Xcode 3.2";
			developmentRegion = English;
			hasScannedForEncodings = 0;
			knownRegions = (
				en,
				Base,
			);
			mainGroup = DBC3DF821EDD4BF000E527FC;
			productRefGroup = DBC3DF8C1EDD4BF000E527FC /* Products */;
			projectDirPath = "";
			projectRoot = "";
			targets = (
				DBC3DF8A1EDD4BF000E527FC /* SwiftCssParser */,
				DBC3DFAF1EE2D9D000E527FC /* SwiftCssParserTests */,
			);
		};
/* End PBXProject section */

/* Begin PBXResourcesBuildPhase section */
		DBC3DF891EDD4BF000E527FC /* Resources */ = {
			isa = PBXResourcesBuildPhase;
			buildActionMask = 2147483647;
			files = (
				DBC3DFC01EE2E2D600E527FC /* day.css in Resources */,
				DB01C14D1EE3DF73007D7308 /* iPadPro.css in Resources */,
				DB01C14B1EE3DF73007D7308 /* iPhone4.css in Resources */,
				DBC3DF991EDD4BF000E527FC /* LaunchScreen.storyboard in Resources */,
				DB01C14A1EE3DF73007D7308 /* iPad.css in Resources */,
				DB01C1491EE3DF73007D7308 /* iPhone6P.css in Resources */,
				DB01C14E1EE3DF73007D7308 /* iPhone6.css in Resources */,
				DBC3DF961EDD4BF000E527FC /* Assets.xcassets in Resources */,
				DB01C14C1EE3DF73007D7308 /* iPhone5.css in Resources */,
				DBC3DFC31EE2E2F200E527FC /* night.css in Resources */,
				DBC3DF941EDD4BF000E527FC /* Main.storyboard in Resources */,
			);
			runOnlyForDeploymentPostprocessing = 0;
		};
		DBC3DFAE1EE2D9D000E527FC /* Resources */ = {
			isa = PBXResourcesBuildPhase;
			buildActionMask = 2147483647;
			files = (
				DBC3DFBB1EE2DA4500E527FC /* test.css in Resources */,
			);
			runOnlyForDeploymentPostprocessing = 0;
		};
/* End PBXResourcesBuildPhase section */

/* Begin PBXSourcesBuildPhase section */
		DBC3DF871EDD4BF000E527FC /* Sources */ = {
			isa = PBXSourcesBuildPhase;
			buildActionMask = 2147483647;
			files = (
				DBC3DFA61EE2D53000E527FC /* CssParser.swift in Sources */,
				DBC3DF911EDD4BF000E527FC /* ViewController.swift in Sources */,
				DBC3DF8F1EDD4BF000E527FC /* AppDelegate.swift in Sources */,
				DBC3DFA81EE2D8B100E527FC /* SwiftCSS.swift in Sources */,
				DBC3DFA31EDD4C4900E527FC /* CssLexer.swift in Sources */,
				DB01C1421EE3D78F007D7308 /* SwiftDeviceCss.swift in Sources */,
				DBC3DFAB1EE2D94800E527FC /* UIColorExtension.swift in Sources */,
				DBC3DFBE1EE2E1FC00E527FC /* SwiftCssTheme.swift in Sources */,
			);
			runOnlyForDeploymentPostprocessing = 0;
		};
		DBC3DFAC1EE2D9D000E527FC /* Sources */ = {
			isa = PBXSourcesBuildPhase;
			buildActionMask = 2147483647;
			files = (
				DBC3DFB31EE2D9D000E527FC /* SwiftCssParserTests.swift in Sources */,
			);
			runOnlyForDeploymentPostprocessing = 0;
		};
/* End PBXSourcesBuildPhase section */

/* Begin PBXTargetDependency section */
		DBC3DFB61EE2D9D000E527FC /* PBXTargetDependency */ = {
			isa = PBXTargetDependency;
			target = DBC3DF8A1EDD4BF000E527FC /* SwiftCssParser */;
			targetProxy = DBC3DFB51EE2D9D000E527FC /* PBXContainerItemProxy */;
		};
/* End PBXTargetDependency section */

/* Begin PBXVariantGroup section */
		DBC3DF921EDD4BF000E527FC /* Main.storyboard */ = {
			isa = PBXVariantGroup;
			children = (
				DBC3DF931EDD4BF000E527FC /* Base */,
			);
			name = Main.storyboard;
			path = SwiftCssParser;
			sourceTree = "<group>";
		};
		DBC3DF971EDD4BF000E527FC /* LaunchScreen.storyboard */ = {
			isa = PBXVariantGroup;
			children = (
				DBC3DF981EDD4BF000E527FC /* Base */,
			);
			name = LaunchScreen.storyboard;
			path = SwiftCssParser;
			sourceTree = "<group>";
		};
/* End PBXVariantGroup section */

/* Begin XCBuildConfiguration section */
		DBC3DF9B1EDD4BF000E527FC /* Debug */ = {
			isa = XCBuildConfiguration;
			buildSettings = {
				ALWAYS_SEARCH_USER_PATHS = NO;
				CLANG_ANALYZER_NONNULL = YES;
				CLANG_ANALYZER_NUMBER_OBJECT_CONVERSION = YES_AGGRESSIVE;
				CLANG_CXX_LANGUAGE_STANDARD = "gnu++0x";
				CLANG_CXX_LIBRARY = "libc++";
				CLANG_ENABLE_MODULES = YES;
				CLANG_ENABLE_OBJC_ARC = YES;
				CLANG_WARN_BOOL_CONVERSION = YES;
				CLANG_WARN_CONSTANT_CONVERSION = YES;
				CLANG_WARN_DIRECT_OBJC_ISA_USAGE = YES_ERROR;
				CLANG_WARN_DOCUMENTATION_COMMENTS = YES;
				CLANG_WARN_EMPTY_BODY = YES;
				CLANG_WARN_ENUM_CONVERSION = YES;
				CLANG_WARN_INFINITE_RECURSION = YES;
				CLANG_WARN_INT_CONVERSION = YES;
				CLANG_WARN_OBJC_ROOT_CLASS = YES_ERROR;
				CLANG_WARN_SUSPICIOUS_MOVE = YES;
				CLANG_WARN_UNREACHABLE_CODE = YES;
				CLANG_WARN__DUPLICATE_METHOD_MATCH = YES;
				"CODE_SIGN_IDENTITY[sdk=iphoneos*]" = "iPhone Developer";
				COPY_PHASE_STRIP = NO;
				DEBUG_INFORMATION_FORMAT = dwarf;
				ENABLE_STRICT_OBJC_MSGSEND = YES;
				ENABLE_TESTABILITY = YES;
				GCC_C_LANGUAGE_STANDARD = gnu99;
				GCC_DYNAMIC_NO_PIC = NO;
				GCC_NO_COMMON_BLOCKS = YES;
				GCC_OPTIMIZATION_LEVEL = 0;
				GCC_PREPROCESSOR_DEFINITIONS = (
					"DEBUG=1",
					"$(inherited)",
				);
				GCC_WARN_64_TO_32_BIT_CONVERSION = YES;
				GCC_WARN_ABOUT_RETURN_TYPE = YES_ERROR;
				GCC_WARN_UNDECLARED_SELECTOR = YES;
				GCC_WARN_UNINITIALIZED_AUTOS = YES_AGGRESSIVE;
				GCC_WARN_UNUSED_FUNCTION = YES;
				GCC_WARN_UNUSED_VARIABLE = YES;
				IPHONEOS_DEPLOYMENT_TARGET = 10.3;
				MTL_ENABLE_DEBUG_INFO = YES;
				ONLY_ACTIVE_ARCH = YES;
				SDKROOT = iphoneos;
				SWIFT_ACTIVE_COMPILATION_CONDITIONS = DEBUG;
				SWIFT_OPTIMIZATION_LEVEL = "-Onone";
				TARGETED_DEVICE_FAMILY = "1,2";
			};
			name = Debug;
		};
		DBC3DF9C1EDD4BF000E527FC /* Release */ = {
			isa = XCBuildConfiguration;
			buildSettings = {
				ALWAYS_SEARCH_USER_PATHS = NO;
				CLANG_ANALYZER_NONNULL = YES;
				CLANG_ANALYZER_NUMBER_OBJECT_CONVERSION = YES_AGGRESSIVE;
				CLANG_CXX_LANGUAGE_STANDARD = "gnu++0x";
				CLANG_CXX_LIBRARY = "libc++";
				CLANG_ENABLE_MODULES = YES;
				CLANG_ENABLE_OBJC_ARC = YES;
				CLANG_WARN_BOOL_CONVERSION = YES;
				CLANG_WARN_CONSTANT_CONVERSION = YES;
				CLANG_WARN_DIRECT_OBJC_ISA_USAGE = YES_ERROR;
				CLANG_WARN_DOCUMENTATION_COMMENTS = YES;
				CLANG_WARN_EMPTY_BODY = YES;
				CLANG_WARN_ENUM_CONVERSION = YES;
				CLANG_WARN_INFINITE_RECURSION = YES;
				CLANG_WARN_INT_CONVERSION = YES;
				CLANG_WARN_OBJC_ROOT_CLASS = YES_ERROR;
				CLANG_WARN_SUSPICIOUS_MOVE = YES;
				CLANG_WARN_UNREACHABLE_CODE = YES;
				CLANG_WARN__DUPLICATE_METHOD_MATCH = YES;
				"CODE_SIGN_IDENTITY[sdk=iphoneos*]" = "iPhone Developer";
				COPY_PHASE_STRIP = NO;
				DEBUG_INFORMATION_FORMAT = "dwarf-with-dsym";
				ENABLE_NS_ASSERTIONS = NO;
				ENABLE_STRICT_OBJC_MSGSEND = YES;
				GCC_C_LANGUAGE_STANDARD = gnu99;
				GCC_NO_COMMON_BLOCKS = YES;
				GCC_WARN_64_TO_32_BIT_CONVERSION = YES;
				GCC_WARN_ABOUT_RETURN_TYPE = YES_ERROR;
				GCC_WARN_UNDECLARED_SELECTOR = YES;
				GCC_WARN_UNINITIALIZED_AUTOS = YES_AGGRESSIVE;
				GCC_WARN_UNUSED_FUNCTION = YES;
				GCC_WARN_UNUSED_VARIABLE = YES;
				IPHONEOS_DEPLOYMENT_TARGET = 10.3;
				MTL_ENABLE_DEBUG_INFO = NO;
				SDKROOT = iphoneos;
				SWIFT_OPTIMIZATION_LEVEL = "-Owholemodule";
				TARGETED_DEVICE_FAMILY = "1,2";
				VALIDATE_PRODUCT = YES;
			};
			name = Release;
		};
		DBC3DF9E1EDD4BF000E527FC /* Debug */ = {
			isa = XCBuildConfiguration;
			buildSettings = {
				ASSETCATALOG_COMPILER_APPICON_NAME = AppIcon;
				INFOPLIST_FILE = SwiftCssParser/Info.plist;
				LD_RUNPATH_SEARCH_PATHS = "$(inherited) @executable_path/Frameworks";
				PRODUCT_BUNDLE_IDENTIFIER = Mango.SwiftCssParser;
				PRODUCT_NAME = "$(TARGET_NAME)";
				SWIFT_VERSION = 3.0;
			};
			name = Debug;
		};
		DBC3DF9F1EDD4BF000E527FC /* Release */ = {
			isa = XCBuildConfiguration;
			buildSettings = {
				ASSETCATALOG_COMPILER_APPICON_NAME = AppIcon;
				INFOPLIST_FILE = SwiftCssParser/Info.plist;
				LD_RUNPATH_SEARCH_PATHS = "$(inherited) @executable_path/Frameworks";
				PRODUCT_BUNDLE_IDENTIFIER = Mango.SwiftCssParser;
				PRODUCT_NAME = "$(TARGET_NAME)";
				SWIFT_VERSION = 3.0;
			};
			name = Release;
		};
		DBC3DFB81EE2D9D000E527FC /* Debug */ = {
			isa = XCBuildConfiguration;
			buildSettings = {
				BUNDLE_LOADER = "$(TEST_HOST)";
				INFOPLIST_FILE = SwiftCssParserTests/Info.plist;
				LD_RUNPATH_SEARCH_PATHS = "$(inherited) @executable_path/Frameworks @loader_path/Frameworks";
				PRODUCT_BUNDLE_IDENTIFIER = Mango.SwiftCssParserTests;
				PRODUCT_NAME = "$(TARGET_NAME)";
				SWIFT_VERSION = 3.0;
				TEST_HOST = "$(BUILT_PRODUCTS_DIR)/SwiftCssParser.app/SwiftCssParser";
			};
			name = Debug;
		};
		DBC3DFB91EE2D9D000E527FC /* Release */ = {
			isa = XCBuildConfiguration;
			buildSettings = {
				BUNDLE_LOADER = "$(TEST_HOST)";
				INFOPLIST_FILE = SwiftCssParserTests/Info.plist;
				LD_RUNPATH_SEARCH_PATHS = "$(inherited) @executable_path/Frameworks @loader_path/Frameworks";
				PRODUCT_BUNDLE_IDENTIFIER = Mango.SwiftCssParserTests;
				PRODUCT_NAME = "$(TARGET_NAME)";
				SWIFT_VERSION = 3.0;
				TEST_HOST = "$(BUILT_PRODUCTS_DIR)/SwiftCssParser.app/SwiftCssParser";
			};
			name = Release;
		};
/* End XCBuildConfiguration section */

/* Begin XCConfigurationList section */
		DBC3DF861EDD4BF000E527FC /* Build configuration list for PBXProject "SwiftCssParser" */ = {
			isa = XCConfigurationList;
			buildConfigurations = (
				DBC3DF9B1EDD4BF000E527FC /* Debug */,
				DBC3DF9C1EDD4BF000E527FC /* Release */,
			);
			defaultConfigurationIsVisible = 0;
			defaultConfigurationName = Release;
		};
		DBC3DF9D1EDD4BF000E527FC /* Build configuration list for PBXNativeTarget "SwiftCssParser" */ = {
			isa = XCConfigurationList;
			buildConfigurations = (
				DBC3DF9E1EDD4BF000E527FC /* Debug */,
				DBC3DF9F1EDD4BF000E527FC /* Release */,
			);
			defaultConfigurationIsVisible = 0;
			defaultConfigurationName = Release;
		};
		DBC3DFB71EE2D9D000E527FC /* Build configuration list for PBXNativeTarget "SwiftCssParserTests" */ = {
			isa = XCConfigurationList;
			buildConfigurations = (
				DBC3DFB81EE2D9D000E527FC /* Debug */,
				DBC3DFB91EE2D9D000E527FC /* Release */,
			);
			defaultConfigurationIsVisible = 0;
			defaultConfigurationName = Release;
		};
/* End XCConfigurationList section */
	};
	rootObject = DBC3DF831EDD4BF000E527FC /* Project object */;
}
